
Microsoft Visual Studio Solution File, Format Version 12.00
# Visual Studio Version 17
VisualStudioVersion = 17.14.36623.8 d17.14
MinimumVisualStudioVersion = 10.0.40219.1
Project("{FAE04EC0-301F-11D3-BF4B-00C04F79EFBC}") = "DemoCoreWebAPI", "DemoCoreWebAPI.csproj", "{F033EFFA-4226-404E-8B06-CFCF886AC55E}"
EndProject
Global
	GlobalSection(SolutionConfigurationPlatforms) = preSolution
		Debug|Any CPU = Debug|Any CPU
		Release|Any CPU = Release|Any CPU
	EndGlobalSection
	GlobalSection(ProjectConfigurationPlatforms) = postSolution
		{F033EFFA-4226-404E-8B06-CFCF886AC55E}.Debug|Any CPU.ActiveCfg = Debug|Any CPU
		{F033EFFA-4226-404E-8B06-CFCF886AC55E}.Debug|Any CPU.Build.0 = Debug|Any CPU
		{F033EFFA-4226-404E-8B06-CFCF886AC55E}.Release|Any CPU.ActiveCfg = Release|Any CPU
		{F033EFFA-4226-404E-8B06-CFCF886AC55E}.Release|Any CPU.Build.0 = Release|Any CPU
	EndGlobalSection
	GlobalSection(SolutionProperties) = preSolution
		HideSolutionNode = FALSE
	EndGlobalSection
	GlobalSection(ExtensibilityGlobals) = postSolution
		SolutionGuid = {6FDC7B1A-B8C5-4F1B-ADF6-129051CD814A}
	EndGlobalSection
EndGlobal
